// !$*UTF8*$!
{
	archiveVersion = 1;
	classes = {
	};
	objectVersion = 46;
	objects = {

/* Begin PBXBuildFile section */
		EA003B9919D193BE00BAE284 /* AppDelegate.swift in Sources */ = {isa = PBXBuildFile; fileRef = EA003B9819D193BE00BAE284 /* AppDelegate.swift */; };
		EA003B9B19D193BE00BAE284 /* ViewController.swift in Sources */ = {isa = PBXBuildFile; fileRef = EA003B9A19D193BE00BAE284 /* ViewController.swift */; };
		EA003B9E19D193BE00BAE284 /* Main.storyboard in Resources */ = {isa = PBXBuildFile; fileRef = EA003B9C19D193BE00BAE284 /* Main.storyboard */; };
		EA003BA019D193BE00BAE284 /* Images.xcassets in Resources */ = {isa = PBXBuildFile; fileRef = EA003B9F19D193BE00BAE284 /* Images.xcassets */; };
		EA003BA319D193BE00BAE284 /* LaunchScreen.xib in Resources */ = {isa = PBXBuildFile; fileRef = EA003BA119D193BE00BAE284 /* LaunchScreen.xib */; };
		EA003BAF19D193BE00BAE284 /* DogYearsTests.swift in Sources */ = {isa = PBXBuildFile; fileRef = EA003BAE19D193BE00BAE284 /* DogYearsTests.swift */; };
		EA003BB919D194C900BAE284 /* AgeOfLaika.jpg in Resources */ = {isa = PBXBuildFile; fileRef = EA003BB819D194C900BAE284 /* AgeOfLaika.jpg */; };
/* End PBXBuildFile section */

/* Begin PBXContainerItemProxy section */
		EA003BA919D193BE00BAE284 /* PBXContainerItemProxy */ = {
			isa = PBXContainerItemProxy;
			containerPortal = EA003B8B19D193BD00BAE284 /* Project object */;
			proxyType = 1;
			remoteGlobalIDString = EA003B9219D193BD00BAE284;
			remoteInfo = DogYears;
		};
/* End PBXContainerItemProxy section */

/* Begin PBXFileReference section */
		EA003B9319D193BE00BAE284 /* DogYears.app */ = {isa = PBXFileReference; explicitFileType = wrapper.application; includeInIndex = 0; path = DogYears.app; sourceTree = BUILT_PRODUCTS_DIR; };
		EA003B9719D193BE00BAE284 /* Info.plist */ = {isa = PBXFileReference; lastKnownFileType = text.plist.xml; path = Info.plist; sourceTree = "<group>"; };
		EA003B9819D193BE00BAE284 /* AppDelegate.swift */ = {isa = PBXFileReference; lastKnownFileType = sourcecode.swift; path = AppDelegate.swift; sourceTree = "<group>"; };
		EA003B9A19D193BE00BAE284 /* ViewController.swift */ = {isa = PBXFileReference; lastKnownFileType = sourcecode.swift; path = ViewController.swift; sourceTree = "<group>"; };
		EA003B9D19D193BE00BAE284 /* Base */ = {isa = PBXFileReference; lastKnownFileType = file.storyboard; name = Base; path = Base.lproj/Main.storyboard; sourceTree = "<group>"; };
		EA003B9F19D193BE00BAE284 /* Images.xcassets */ = {isa = PBXFileReference; lastKnownFileType = folder.assetcatalog; path = Images.xcassets; sourceTree = "<group>"; };
		EA003BA219D193BE00BAE284 /* Base */ = {isa = PBXFileReference; lastKnownFileType = file.xib; name = Base; path = Base.lproj/LaunchScreen.xib; sourceTree = "<group>"; };
		EA003BA819D193BE00BAE284 /* DogYearsTests.xctest */ = {isa = PBXFileReference; explicitFileType = wrapper.cfbundle; includeInIndex = 0; path = DogYearsTests.xctest; sourceTree = BUILT_PRODUCTS_DIR; };
		EA003BAD19D193BE00BAE284 /* Info.plist */ = {isa = PBXFileReference; lastKnownFileType = text.plist.xml; path = Info.plist; sourceTree = "<group>"; };
		EA003BAE19D193BE00BAE284 /* DogYearsTests.swift */ = {isa = PBXFileReference; lastKnownFileType = sourcecode.swift; path = DogYearsTests.swift; sourceTree = "<group>"; };
		EA003BB819D194C900BAE284 /* AgeOfLaika.jpg */ = {isa = PBXFileReference; lastKnownFileType = image.jpeg; path = AgeOfLaika.jpg; sourceTree = "<group>"; };
/* End PBXFileReference section */

/* Begin PBXFrameworksBuildPhase section */
		EA003B9019D193BD00BAE284 /* Frameworks */ = {
			isa = PBXFrameworksBuildPhase;
			buildActionMask = 2147483647;
			files = (
			);
			runOnlyForDeploymentPostprocessing = 0;
		};
		EA003BA519D193BE00BAE284 /* Frameworks */ = {
			isa = PBXFrameworksBuildPhase;
			buildActionMask = 2147483647;
			files = (
			);
			runOnlyForDeploymentPostprocessing = 0;
		};
/* End PBXFrameworksBuildPhase section */

/* Begin PBXGroup section */
		EA003B8A19D193BD00BAE284 = {
			isa = PBXGroup;
			children = (
				EA003B9519D193BE00BAE284 /* DogYears */,
				EA003BAB19D193BE00BAE284 /* DogYearsTests */,
				EA003B9419D193BE00BAE284 /* Products */,
			);
			sourceTree = "<group>";
		};
		EA003B9419D193BE00BAE284 /* Products */ = {
			isa = PBXGroup;
			children = (
				EA003B9319D193BE00BAE284 /* DogYears.app */,
				EA003BA819D193BE00BAE284 /* DogYearsTests.xctest */,
			);
			name = Products;
			sourceTree = "<group>";
		};
		EA003B9519D193BE00BAE284 /* DogYears */ = {
			isa = PBXGroup;
			children = (
				EA003B9819D193BE00BAE284 /* AppDelegate.swift */,
				EA003B9A19D193BE00BAE284 /* ViewController.swift */,
				EA003B9C19D193BE00BAE284 /* Main.storyboard */,
				EA003B9F19D193BE00BAE284 /* Images.xcassets */,
				EA003BA119D193BE00BAE284 /* LaunchScreen.xib */,
				EA003B9619D193BE00BAE284 /* Supporting Files */,
			);
			path = DogYears;
			sourceTree = "<group>";
		};
		EA003B9619D193BE00BAE284 /* Supporting Files */ = {
			isa = PBXGroup;
			children = (
				EA003BB819D194C900BAE284 /* AgeOfLaika.jpg */,
				EA003B9719D193BE00BAE284 /* Info.plist */,
			);
			name = "Supporting Files";
			sourceTree = "<group>";
		};
		EA003BAB19D193BE00BAE284 /* DogYearsTests */ = {
			isa = PBXGroup;
			children = (
				EA003BAE19D193BE00BAE284 /* DogYearsTests.swift */,
				EA003BAC19D193BE00BAE284 /* Supporting Files */,
			);
			path = DogYearsTests;
			sourceTree = "<group>";
		};
		EA003BAC19D193BE00BAE284 /* Supporting Files */ = {
			isa = PBXGroup;
			children = (
				EA003BAD19D193BE00BAE284 /* Info.plist */,
			);
			name = "Supporting Files";
			sourceTree = "<group>";
		};
/* End PBXGroup section */

/* Begin PBXNativeTarget section */
		EA003B9219D193BD00BAE284 /* DogYears */ = {
			isa = PBXNativeTarget;
			buildConfigurationList = EA003BB219D193BE00BAE284 /* Build configuration list for PBXNativeTarget "DogYears" */;
			buildPhases = (
				EA003B8F19D193BD00BAE284 /* Sources */,
				EA003B9019D193BD00BAE284 /* Frameworks */,
				EA003B9119D193BD00BAE284 /* Resources */,
			);
			buildRules = (
			);
			dependencies = (
			);
			name = DogYears;
			productName = DogYears;
			productReference = EA003B9319D193BE00BAE284 /* DogYears.app */;
			productType = "com.apple.product-type.application";
		};
		EA003BA719D193BE00BAE284 /* DogYearsTests */ = {
			isa = PBXNativeTarget;
			buildConfigurationList = EA003BB519D193BE00BAE284 /* Build configuration list for PBXNativeTarget "DogYearsTests" */;
			buildPhases = (
				EA003BA419D193BE00BAE284 /* Sources */,
				EA003BA519D193BE00BAE284 /* Frameworks */,
				EA003BA619D193BE00BAE284 /* Resources */,
			);
			buildRules = (
			);
			dependencies = (
				EA003BAA19D193BE00BAE284 /* PBXTargetDependency */,
			);
			name = DogYearsTests;
			productName = DogYearsTests;
			productReference = EA003BA819D193BE00BAE284 /* DogYearsTests.xctest */;
			productType = "com.apple.product-type.bundle.unit-test";
		};
/* End PBXNativeTarget section */

/* Begin PBXProject section */
		EA003B8B19D193BD00BAE284 /* Project object */ = {
			isa = PBXProject;
			attributes = {
				LastUpgradeCheck = 0600;
				ORGANIZATIONNAME = ACV;
				TargetAttributes = {
					EA003B9219D193BD00BAE284 = {
						CreatedOnToolsVersion = 6.0;
					};
					EA003BA719D193BE00BAE284 = {
						CreatedOnToolsVersion = 6.0;
						TestTargetID = EA003B9219D193BD00BAE284;
					};
				};
			};
			buildConfigurationList = EA003B8E19D193BD00BAE284 /* Build configuration list for PBXProject "DogYears" */;
			compatibilityVersion = "Xcode 3.2";
			developmentRegion = English;
			hasScannedForEncodings = 0;
			knownRegions = (
				en,
				Base,
			);
			mainGroup = EA003B8A19D193BD00BAE284;
			productRefGroup = EA003B9419D193BE00BAE284 /* Products */;
			projectDirPath = "";
			projectRoot = "";
			targets = (
				EA003B9219D193BD00BAE284 /* DogYears */,
				EA003BA719D193BE00BAE284 /* DogYearsTests */,
			);
		};
/* End PBXProject section */

/* Begin PBXResourcesBuildPhase section */
		EA003B9119D193BD00BAE284 /* Resources */ = {
			isa = PBXResourcesBuildPhase;
			buildActionMask = 2147483647;
			files = (
				EA003B9E19D193BE00BAE284 /* Main.storyboard in Resources */,
				EA003BB919D194C900BAE284 /* AgeOfLaika.jpg in Resources */,
				EA003BA319D193BE00BAE284 /* LaunchScreen.xib in Resources */,
				EA003BA019D193BE00BAE284 /* Images.xcassets in Resources */,
			);
			runOnlyForDeploymentPostprocessing = 0;
		};
		EA003BA619D193BE00BAE284 /* Resources */ = {
			isa = PBXResourcesBuildPhase;
			buildActionMask = 2147483647;
			files = (
			);
			runOnlyForDeploymentPostprocessing = 0;
		};
/* End PBXResourcesBuildPhase section */

/* Begin PBXSourcesBuildPhase section */
		EA003B8F19D193BD00BAE284 /* Sources */ = {
			isa = PBXSourcesBuildPhase;
			buildActionMask = 2147483647;
			files = (
				EA003B9B19D193BE00BAE284 /* ViewController.swift in Sources */,
				EA003B9919D193BE00BAE284 /* AppDelegate.swift in Sources */,
			);
			runOnlyForDeploymentPostprocessing = 0;
		};
		EA003BA419D193BE00BAE284 /* Sources */ = {
			isa = PBXSourcesBuildPhase;
			buildActionMask = 2147483647;
			files = (
				EA003BAF19D193BE00BAE284 /* DogYearsTests.swift in Sources */,
			);
			runOnlyForDeploymentPostprocessing = 0;
		};
/* End PBXSourcesBuildPhase section */

/* Begin PBXTargetDependency section */
		EA003BAA19D193BE00BAE284 /* PBXTargetDependency */ = {
			isa = PBXTargetDependency;
			target = EA003B9219D193BD00BAE284 /* DogYears */;
			targetProxy = EA003BA919D193BE00BAE284 /* PBXContainerItemProxy */;
		};
/* End PBXTargetDependency section */

/* Begin PBXVariantGroup section */
		EA003B9C19D193BE00BAE284 /* Main.storyboard */ = {
			isa = PBXVariantGroup;
			children = (
				EA003B9D19D193BE00BAE284 /* Base */,
			);
			name = Main.storyboard;
			sourceTree = "<group>";
		};
		EA003BA119D193BE00BAE284 /* LaunchScreen.xib */ = {
			isa = PBXVariantGroup;
			children = (
				EA003BA219D193BE00BAE284 /* Base */,
			);
			name = LaunchScreen.xib;
			sourceTree = "<group>";
		};
/* End PBXVariantGroup section */

/* Begin XCBuildConfiguration section */
		EA003BB019D193BE00BAE284 /* Debug */ = {
			isa = XCBuildConfiguration;
			buildSettings = {
				ALWAYS_SEARCH_USER_PATHS = NO;
				CLANG_CXX_LANGUAGE_STANDARD = "gnu++0x";
				CLANG_CXX_LIBRARY = "libc++";
				CLANG_ENABLE_MODULES = YES;
				CLANG_ENABLE_OBJC_ARC = YES;
				CLANG_WARN_BOOL_CONVERSION = YES;
				CLANG_WARN_CONSTANT_CONVERSION = YES;
				CLANG_WARN_DIRECT_OBJC_ISA_USAGE = YES_ERROR;
				CLANG_WARN_EMPTY_BODY = YES;
				CLANG_WARN_ENUM_CONVERSION = YES;
				CLANG_WARN_INT_CONVERSION = YES;
				CLANG_WARN_OBJC_ROOT_CLASS = YES_ERROR;
				CLANG_WARN_UNREACHABLE_CODE = YES;
				CLANG_WARN__DUPLICATE_METHOD_MATCH = YES;
				"CODE_SIGN_IDENTITY[sdk=iphoneos*]" = "iPhone Developer";
				COPY_PHASE_STRIP = NO;
				ENABLE_STRICT_OBJC_MSGSEND = YES;
				GCC_C_LANGUAGE_STANDARD = gnu99;
				GCC_DYNAMIC_NO_PIC = NO;
				GCC_OPTIMIZATION_LEVEL = 0;
				GCC_PREPROCESSOR_DEFINITIONS = (
					"DEBUG=1",
					"$(inherited)",
				);
				GCC_SYMBOLS_PRIVATE_EXTERN = NO;
				GCC_WARN_64_TO_32_BIT_CONVERSION = YES;
				GCC_WARN_ABOUT_RETURN_TYPE = YES_ERROR;
				GCC_WARN_UNDECLARED_SELECTOR = YES;
				GCC_WARN_UNINITIALIZED_AUTOS = YES_AGGRESSIVE;
				GCC_WARN_UNUSED_FUNCTION = YES;
				GCC_WARN_UNUSED_VARIABLE = YES;
				IPHONEOS_DEPLOYMENT_TARGET = 8.0;
				MTL_ENABLE_DEBUG_INFO = YES;
				ONLY_ACTIVE_ARCH = YES;
				SDKROOT = iphoneos;
				SWIFT_OPTIMIZATION_LEVEL = "-Onone";
			};
			name = Debug;
		};
		EA003BB119D193BE00BAE284 /* Release */ = {
			isa = XCBuildConfiguration;
			buildSettings = {
				ALWAYS_SEARCH_USER_PATHS = NO;
				CLANG_CXX_LANGUAGE_STANDARD = "gnu++0x";
				CLANG_CXX_LIBRARY = "libc++";
				CLANG_ENABLE_MODULES = YES;
				CLANG_ENABLE_OBJC_ARC = YES;
				CLANG_WARN_BOOL_CONVERSION = YES;
				CLANG_WARN_CONSTANT_CONVERSION = YES;
				CLANG_WARN_DIRECT_OBJC_ISA_USAGE = YES_ERROR;
				CLANG_WARN_EMPTY_BODY = YES;
				CLANG_WARN_ENUM_CONVERSION = YES;
				CLANG_WARN_INT_CONVERSION = YES;
				CLANG_WARN_OBJC_ROOT_CLASS = YES_ERROR;
				CLANG_WARN_UNREACHABLE_CODE = YES;
				CLANG_WARN__DUPLICATE_METHOD_MATCH = YES;
				"CODE_SIGN_IDENTITY[sdk=iphoneos*]" = "iPhone Developer";
				COPY_PHASE_STRIP = YES;
				ENABLE_NS_ASSERTIONS = NO;
				ENABLE_STRICT_OBJC_MSGSEND = YES;
				GCC_C_LANGUAGE_STANDARD = gnu99;
				GCC_WARN_64_TO_32_BIT_CONVERSION = YES;
				GCC_WARN_ABOUT_RETURN_TYPE = YES_ERROR;
				GCC_WARN_UNDECLARED_SELECTOR = YES;
				GCC_WARN_UNINITIALIZED_AUTOS = YES_AGGRESSIVE;
				GCC_WARN_UNUSED_FUNCTION = YES;
				GCC_WARN_UNUSED_VARIABLE = YES;
				IPHONEOS_DEPLOYMENT_TARGET = 8.0;
				MTL_ENABLE_DEBUG_INFO = NO;
				SDKROOT = iphoneos;
				VALIDATE_PRODUCT = YES;
			};
			name = Release;
		};
		EA003BB319D193BE00BAE284 /* Debug */ = {
			isa = XCBuildConfiguration;
			buildSettings = {
				ASSETCATALOG_COMPILER_APPICON_NAME = AppIcon;
				INFOPLIST_FILE = DogYears/Info.plist;
				LD_RUNPATH_SEARCH_PATHS = "$(inherited) @executable_path/Frameworks";
				PRODUCT_NAME = "$(TARGET_NAME)";
			};
			name = Debug;
		};
		EA003BB419D193BE00BAE284 /* Release */ = {
			isa = XCBuildConfiguration;
			buildSettings = {
				ASSETCATALOG_COMPILER_APPICON_NAME = AppIcon;
				INFOPLIST_FILE = DogYears/Info.plist;
				LD_RUNPATH_SEARCH_PATHS = "$(inherited) @executable_path/Frameworks";
				PRODUCT_NAME = "$(TARGET_NAME)";
			};
			name = Release;
		};
		EA003BB619D193BE00BAE284 /* Debug */ = {
			isa = XCBuildConfiguration;
			buildSettings = {
				BUNDLE_LOADER = "$(TEST_HOST)";
				FRAMEWORK_SEARCH_PATHS = (
					"$(SDKROOT)/Developer/Library/Frameworks",
					"$(inherited)",
				);
				GCC_PREPROCESSOR_DEFINITIONS = (
					"DEBUG=1",
					"$(inherited)",
				);
				INFOPLIST_FILE = DogYearsTests/Info.plist;
				LD_RUNPATH_SEARCH_PATHS = "$(inherited) @executable_path/Frameworks @loader_path/Frameworks";
				PRODUCT_NAME = "$(TARGET_NAME)";
				TEST_HOST = "$(BUILT_PRODUCTS_DIR)/DogYears.app/DogYears";
			};
			name = Debug;
		};
		EA003BB719D193BE00BAE284 /* Release */ = {
			isa = XCBuildConfiguration;
			buildSettings = {
				BUNDLE_LOADER = "$(TEST_HOST)";
				FRAMEWORK_SEARCH_PATHS = (
					"$(SDKROOT)/Developer/Library/Frameworks",
					"$(inherited)",
				);
				INFOPLIST_FILE = DogYearsTests/Info.plist;
				LD_RUNPATH_SEARCH_PATHS = "$(inherited) @executable_path/Frameworks @loader_path/Frameworks";
				PRODUCT_NAME = "$(TARGET_NAME)";
				TEST_HOST = "$(BUILT_PRODUCTS_DIR)/DogYears.app/DogYears";
			};
			name = Release;
		};
/* End XCBuildConfiguration section */

/* Begin XCConfigurationList section */
		EA003B8E19D193BD00BAE284 /* Build configuration list for PBXProject "DogYears" */ = {
			isa = XCConfigurationList;
			buildConfigurations = (
				EA003BB019D193BE00BAE284 /* Debug */,
				EA003BB119D193BE00BAE284 /* Release */,
			);
			defaultConfigurationIsVisible = 0;
			defaultConfigurationName = Release;
		};
		EA003BB219D193BE00BAE284 /* Build configuration list for PBXNativeTarget "DogYears" */ = {
			isa = XCConfigurationList;
			buildConfigurations = (
				EA003BB319D193BE00BAE284 /* Debug */,
				EA003BB419D193BE00BAE284 /* Release */,
			);
			defaultConfigurationIsVisible = 0;
		};
		EA003BB519D193BE00BAE284 /* Build configuration list for PBXNativeTarget "DogYearsTests" */ = {
			isa = XCConfigurationList;
			buildConfigurations = (
				EA003BB619D193BE00BAE284 /* Debug */,
				EA003BB719D193BE00BAE284 /* Release */,
			);
			defaultConfigurationIsVisible = 0;
		};
/* End XCConfigurationList section */
	};
	rootObject = EA003B8B19D193BD00BAE284 /* Project object */;
}
